{
  "name": "aprende-desde-cero",
  "version": "1.0.0",
  "lockfileVersion": 3,
  "requires": true,
  "packages": {
    "": {
      "name": "aprende-desde-cero",
      "version": "1.0.0",
      "license": "ISC",
      "dependencies": {
        "aprende-desde-cero": "file:"
      }
    },
    "node_modules/aprende-desde-cero": {
      "resolved": "",
      "link": true
    }
  }
}
